{
  "version": 4,
  "terraform_version": "1.14.3",
  "serial": 3,
  "lineage": "a92d7231-b291-ade5-a94a-ca1751fc74f4",
  "outputs": {
    "or1": {
      "value": "this is my first file",
      "type": "string"
    }
  },
  "resources": [
    {
      "mode": "data",
      "type": "local_file",
      "name": "readfile",
      "provider": "provider[\"registry.terraform.io/hashicorp/local\"]",
      "instances": [
        {
          "schema_version": 0,
          "attributes": {
            "content": "this is my first file",
            "content_base64": "dGhpcyBpcyBteSBmaXJzdCBmaWxl",
            "content_base64sha256": "x8r3jUcslpF2JBWuMUIQfAdYeKyJgjHVDJJ+9AEELJ0=",
            "content_base64sha512": "vLWGQp6QdczXiFvtWwsuIsm7bs615Un4ML/VDK+YhN2TbwIgTvSssc7o2GnJtft3iuLUPA0ELj3/Ot8if9OvYw==",
            "content_md5": "98800cd7181656ade33daeaaab85bd31",
            "content_sha1": "252918ca887298ad50eb09aea9336679d0a67e5f",
            "content_sha256": "c7caf78d472c9691762415ae3142107c075878ac898231d50c927ef401042c9d",
            "content_sha512": "bcb586429e9075ccd7885bed5b0b2e22c9bb6eceb5e549f830bfd50caf9884dd936f02204ef4acb1cee8d869c9b5fb778ae2d43c0d042e3dff3adf227fd3af63",
            "filename": "/mnt/e/Terraform/Terraform_ABC/file1.txt",
            "id": "252918ca887298ad50eb09aea9336679d0a67e5f"
          },
          "sensitive_attributes": [],
          "identity_schema_version": 0
        }
      ]
    },
    {
      "mode": "managed",
      "type": "local_file",
      "name": "r1",
      "provider": "provider[\"registry.terraform.io/hashicorp/local\"]",
      "instances": [
        {
          "schema_version": 0,
          "attributes": {
            "content": "dGhpcyBpcyBteSBmaXJzdCBmaWxl",
            "content_base64": null,
            "content_base64sha256": "mlGtA110ubCjLRjBMWCMzfFN36r0bhLUWvxyo4kfHDI=",
            "content_base64sha512": "wAyQmhkCMxtuhHdWAnFPx7tzKtwsVUDh+4T8EDfCk7DekobchQNo5BioGGIKs112dxZRxFs71l0MsX2CimmgeA==",
            "content_md5": "0edea09837be1fac6559372bd436e8d0",
            "content_sha1": "630bc6404cbb885226b47de3d1842a04e41b7f12",
            "content_sha256": "9a51ad035d74b9b0a32d18c131608ccdf14ddfaaf46e12d45afc72a3891f1c32",
            "content_sha512": "c00c909a1902331b6e84775602714fc7bb732adc2c5540e1fb84fc1037c293b0de9286dc850368e418a818620ab35d76771651c45b3bd65d0cb17d828a69a078",
            "directory_permission": "0777",
            "file_permission": "0777",
            "filename": "qwerty.txt",
            "id": "630bc6404cbb885226b47de3d1842a04e41b7f12",
            "sensitive_content": null,
            "source": null
          },
          "sensitive_attributes": [
            [
              {
                "type": "get_attr",
                "value": "sensitive_content"
              }
            ]
          ],
          "identity_schema_version": 0,
          "dependencies": [
            "data.local_file.readfile"
          ]
        }
      ]
    }
  ],
  "check_results": null
}
