{
  "version": 4,
  "terraform_version": "1.14.3",
  "serial": 16,
  "lineage": "f9e43b55-c7bf-1cd1-4154-ba071a68e2cc",
  "outputs": {},
  "resources": [
    {
      "mode": "managed",
      "type": "local_file",
      "name": "demofile1",
      "provider": "provider[\"registry.terraform.io/hashicorp/local\"]",
      "instances": [
        {
          "schema_version": 0,
          "attributes": {
            "content": "this is my first file",
            "content_base64": null,
            "content_base64sha256": "x8r3jUcslpF2JBWuMUIQfAdYeKyJgjHVDJJ+9AEELJ0=",
            "content_base64sha512": "vLWGQp6QdczXiFvtWwsuIsm7bs615Un4ML/VDK+YhN2TbwIgTvSssc7o2GnJtft3iuLUPA0ELj3/Ot8if9OvYw==",
            "content_md5": "98800cd7181656ade33daeaaab85bd31",
            "content_sha1": "252918ca887298ad50eb09aea9336679d0a67e5f",
            "content_sha256": "c7caf78d472c9691762415ae3142107c075878ac898231d50c927ef401042c9d",
            "content_sha512": "bcb586429e9075ccd7885bed5b0b2e22c9bb6eceb5e549f830bfd50caf9884dd936f02204ef4acb1cee8d869c9b5fb778ae2d43c0d042e3dff3adf227fd3af63",
            "directory_permission": "0777",
            "file_permission": "0777",
            "filename": "file1.txt",
            "id": "252918ca887298ad50eb09aea9336679d0a67e5f",
            "sensitive_content": null,
            "source": null
          },
          "sensitive_attributes": [
            [
              {
                "type": "get_attr",
                "value": "sensitive_content"
              }
            ]
          ],
          "identity_schema_version": 0
        }
      ]
    },
    {
      "mode": "managed",
      "type": "local_file",
      "name": "demofile2",
      "provider": "provider[\"registry.terraform.io/hashicorp/local\"]",
      "instances": [
        {
          "schema_version": 0,
          "attributes": {
            "content": "this is my second file",
            "content_base64": null,
            "content_base64sha256": "JR7iW9Dr8VbftFO6RnoKa/DoJa0gmUj7Ji3hCtgC23Q=",
            "content_base64sha512": "4h5+Rz/tHkLDX9vsQ0UektM+lZec210NUWcCZAIr72LTEzhQRXD6QqJ71o64hgBKWhioQgJTjJBxHnn9eoQUcw==",
            "content_md5": "7ea0af81ab2517b32d4f1022e365f786",
            "content_sha1": "9aa0f9425c81a8274ade7a5f6c0dd844149d1e57",
            "content_sha256": "251ee25bd0ebf156dfb453ba467a0a6bf0e825ad209948fb262de10ad802db74",
            "content_sha512": "e21e7e473fed1e42c35fdbec43451e92d33e95979cdb5d0d51670264022bef62d31338504570fa42a27bd68eb886004a5a18a84202538c90711e79fd7a841473",
            "directory_permission": "0777",
            "file_permission": "0777",
            "filename": "file2.txt",
            "id": "9aa0f9425c81a8274ade7a5f6c0dd844149d1e57",
            "sensitive_content": null,
            "source": null
          },
          "sensitive_attributes": [
            [
              {
                "type": "get_attr",
                "value": "sensitive_content"
              }
            ]
          ],
          "identity_schema_version": 0
        }
      ]
    },
    {
      "mode": "managed",
      "type": "local_file",
      "name": "demofile3",
      "provider": "provider[\"registry.terraform.io/hashicorp/local\"]",
      "instances": [
        {
          "schema_version": 0,
          "attributes": {
            "content": "this is my third file",
            "content_base64": null,
            "content_base64sha256": "fCDyA5Maq3NOi0kQ7GgMfKr05s/AnT2PQKpD8fqDfXQ=",
            "content_base64sha512": "LBFwoFK5MhnSPkvvsr+xyR6SbP/hLeqI/p8eiU5On3Fy2pVCRnlH/Gv5ENCvUsHgRd0Pk4z1UfsiLZJxf9vCIw==",
            "content_md5": "e8c2d85cc55dfb451f047391a343b90f",
            "content_sha1": "ae67697b553b05b2dedbfcc1a88533ca820fb96e",
            "content_sha256": "7c20f203931aab734e8b4910ec680c7caaf4e6cfc09d3d8f40aa43f1fa837d74",
            "content_sha512": "2c1170a052b93219d23e4befb2bfb1c91e926cffe12dea88fe9f1e894e4e9f7172da9542467947fc6bf910d0af52c1e045dd0f938cf551fb222d92717fdbc223",
            "directory_permission": "0777",
            "file_permission": "0777",
            "filename": "file3.txt",
            "id": "ae67697b553b05b2dedbfcc1a88533ca820fb96e",
            "sensitive_content": null,
            "source": null
          },
          "sensitive_attributes": [
            [
              {
                "type": "get_attr",
                "value": "sensitive_content"
              }
            ]
          ],
          "identity_schema_version": 0
        }
      ]
    },
    {
      "mode": "managed",
      "type": "local_file",
      "name": "fileone",
      "provider": "provider[\"registry.terraform.io/hashicorp/local\"]",
      "instances": [
        {
          "schema_version": 0,
          "attributes": {
            "content": "Hello from Terraform",
            "content_base64": null,
            "content_base64sha256": "ZBE2ddM1Zpb3/lkYxX6ajXUnrvuOCbSMkeJjyYCHkxE=",
            "content_base64sha512": "o08NVNRMIULk/UZs+LzaLtPN4UiBQvVTsnB9h+zqDe2NnkaSaimYWthyJl5LplVhvkRDSSA4I6anJ4tAioLLmA==",
            "content_md5": "c48871f5223c18c15ef7a92203952a29",
            "content_sha1": "e4d8040f47c75fe38d88315d46db094b4736facd",
            "content_sha256": "64113675d3356696f7fe5918c57e9a8d7527aefb8e09b48c91e263c980879311",
            "content_sha512": "a34f0d54d44c2142e4fd466cf8bcda2ed3cde1488142f553b2707d87ecea0ded8d9e46926a29985ad872265e4ba65561be444349203823a6a7278b408a82cb98",
            "directory_permission": "0777",
            "file_permission": "0777",
            "filename": "fileone.txt",
            "id": "e4d8040f47c75fe38d88315d46db094b4736facd",
            "sensitive_content": null,
            "source": null
          },
          "sensitive_attributes": [
            [
              {
                "type": "get_attr",
                "value": "sensitive_content"
              }
            ]
          ],
          "identity_schema_version": 0
        }
      ]
    },
    {
      "mode": "managed",
      "type": "local_file",
      "name": "filetwo",
      "provider": "provider[\"registry.terraform.io/hashicorp/local\"]",
      "instances": [
        {
          "schema_version": 0,
          "attributes": {
            "content": "This is the second file",
            "content_base64": null,
            "content_base64sha256": "iGoEBCMK/bYuTqh5OuKSkQVihigcQ4wui58ZecUt2hY=",
            "content_base64sha512": "dELWckwT1eayLeQGIeLAKLH0kl/2S96Qf6QAtjJ0oBblshJPPrMx0MEO/1NbjUpoxp+zYWnTi+3D2W+L8x+CfA==",
            "content_md5": "9e679e997c1d6bb1049b3e4acb5277b8",
            "content_sha1": "99eb082088dc26d157d038d9301bf5f37673488c",
            "content_sha256": "886a0404230afdb62e4ea8793ae29291056286281c438c2e8b9f1979c52dda16",
            "content_sha512": "7442d6724c13d5e6b22de40621e2c028b1f4925ff64bde907fa400b63274a016e5b2124f3eb331d0c10eff535b8d4a68c69fb36169d38bedc3d96f8bf31f827c",
            "directory_permission": "0777",
            "file_permission": "0777",
            "filename": "filetwo.txt",
            "id": "99eb082088dc26d157d038d9301bf5f37673488c",
            "sensitive_content": null,
            "source": null
          },
          "sensitive_attributes": [
            [
              {
                "type": "get_attr",
                "value": "sensitive_content"
              }
            ]
          ],
          "identity_schema_version": 0
        }
      ]
    }
  ],
  "check_results": null
}
