{
  "version": 4,
  "terraform_version": "1.14.3",
  "serial": 6,
  "lineage": "afb545b2-9741-7394-bb25-722f35f1d01c",
  "outputs": {
    "fid": {
      "value": "7a4e50427bfb3f19d9fa348248326e8f13391e23",
      "type": "string"
    }
  },
  "resources": [
    {
      "mode": "managed",
      "type": "local_file",
      "name": "f1",
      "provider": "provider[\"registry.terraform.io/hashicorp/local\"]",
      "instances": [
        {
          "schema_version": 0,
          "attributes": {
            "content": "this is test from locals",
            "content_base64": null,
            "content_base64sha256": "od4EYJmmsDqDs7AAUgp2yhsXmAgbsuEtgTdaA0c4QEs=",
            "content_base64sha512": "mYnvbUJWJvIev85GpYV9E3AJKCle9FbbpB3cULAN6x6r/jNFGX/TBW39pGhg5EMHEQ1tiPqVqW9qoZiCScVzIQ==",
            "content_md5": "71fedfadc94ecbd8d2d15ffc88305763",
            "content_sha1": "7a4e50427bfb3f19d9fa348248326e8f13391e23",
            "content_sha256": "a1de046099a6b03a83b3b000520a76ca1b1798081bb2e12d81375a034738404b",
            "content_sha512": "9989ef6d425626f21ebfce46a5857d13700928295ef456dba41ddc50b00deb1eabfe3345197fd3056dfda46860e44307110d6d88fa95a96f6aa1988249c57321",
            "directory_permission": "0777",
            "file_permission": "0777",
            "filename": "abc.txt",
            "id": "7a4e50427bfb3f19d9fa348248326e8f13391e23",
            "sensitive_content": null,
            "source": null
          },
          "sensitive_attributes": [
            [
              {
                "type": "get_attr",
                "value": "sensitive_content"
              }
            ]
          ],
          "identity_schema_version": 0
        }
      ]
    },
    {
      "mode": "managed",
      "type": "local_file",
      "name": "f2",
      "provider": "provider[\"registry.terraform.io/hashicorp/local\"]",
      "instances": [
        {
          "schema_version": 0,
          "attributes": {
            "content": "variable content",
            "content_base64": null,
            "content_base64sha256": "08hvfwdrWtrTnwUhPRoay6oQ5UbJIzo60PCoj8ZbzD8=",
            "content_base64sha512": "h3XUjXOt+p6geD2bVCxMKtK8IeSU3ex7wIy94lH/UEpl+JzC09CtMmmP8uduyuQ40IJHuwI65/kfMzYVfPpa/w==",
            "content_md5": "a9db1cf8ff53f3b9624bb9aaa7179049",
            "content_sha1": "7ca4cdac24d511d2846c5c9d1a003fa01ff69191",
            "content_sha256": "d3c86f7f076b5adad39f05213d1a1acbaa10e546c9233a3ad0f0a88fc65bcc3f",
            "content_sha512": "8775d48d73adfa9ea0783d9b542c4c2ad2bc21e494ddec7bc08cbde251ff504a65f89cc2d3d0ad32698ff2e76ecae438d08247bb023ae7f91f3336157cfa5aff",
            "directory_permission": "0777",
            "file_permission": "0777",
            "filename": "LMN.txt",
            "id": "7ca4cdac24d511d2846c5c9d1a003fa01ff69191",
            "sensitive_content": null,
            "source": null
          },
          "sensitive_attributes": [
            [
              {
                "type": "get_attr",
                "value": "sensitive_content"
              }
            ]
          ],
          "identity_schema_version": 0
        }
      ]
    }
  ],
  "check_results": null
}
