{
  "version": 4,
  "terraform_version": "1.14.3",
  "serial": 3,
  "lineage": "afb545b2-9741-7394-bb25-722f35f1d01c",
  "outputs": {
    "fid": {
      "value": "7a4e50427bfb3f19d9fa348248326e8f13391e23",
      "type": "string"
    }
  },
  "resources": [
    {
      "mode": "managed",
      "type": "local_file",
      "name": "f1",
      "provider": "provider[\"registry.terraform.io/hashicorp/local\"]",
      "instances": [
        {
          "schema_version": 0,
          "attributes": {
            "content": "this is test from locals",
            "content_base64": null,
            "content_base64sha256": "od4EYJmmsDqDs7AAUgp2yhsXmAgbsuEtgTdaA0c4QEs=",
            "content_base64sha512": "mYnvbUJWJvIev85GpYV9E3AJKCle9FbbpB3cULAN6x6r/jNFGX/TBW39pGhg5EMHEQ1tiPqVqW9qoZiCScVzIQ==",
            "content_md5": "71fedfadc94ecbd8d2d15ffc88305763",
            "content_sha1": "7a4e50427bfb3f19d9fa348248326e8f13391e23",
            "content_sha256": "a1de046099a6b03a83b3b000520a76ca1b1798081bb2e12d81375a034738404b",
            "content_sha512": "9989ef6d425626f21ebfce46a5857d13700928295ef456dba41ddc50b00deb1eabfe3345197fd3056dfda46860e44307110d6d88fa95a96f6aa1988249c57321",
            "directory_permission": "0777",
            "file_permission": "0777",
            "filename": "abc.txt",
            "id": "7a4e50427bfb3f19d9fa348248326e8f13391e23",
            "sensitive_content": null,
            "source": null
          },
          "sensitive_attributes": [
            [
              {
                "type": "get_attr",
                "value": "sensitive_content"
              }
            ]
          ],
          "identity_schema_version": 0
        }
      ]
    },
    {
      "mode": "managed",
      "type": "local_file",
      "name": "f2",
      "provider": "provider[\"registry.terraform.io/hashicorp/local\"]",
      "instances": [
        {
          "schema_version": 0,
          "attributes": {
            "content": "this is for input variable type",
            "content_base64": null,
            "content_base64sha256": "S3ONbGk6vc9NgBEx1hkIdRWaXjih77NzxOun/Bu1D60=",
            "content_base64sha512": "8HVg1A/76tQzlAPZ4ntk2/09xsfm6ExJ4zmGknowWGc1nnpBbxhiyXHiDcbqn//t2zYHIxsTTfzaCsdHGP9cVA==",
            "content_md5": "66db3ef4a764987c06f99c5cd324c9b7",
            "content_sha1": "2b0a5b7a2a8cbf06dda613566526c0ae3f82e641",
            "content_sha256": "4b738d6c693abdcf4d801131d6190875159a5e38a1efb373c4eba7fc1bb50fad",
            "content_sha512": "f07560d40ffbead4339403d9e27b64dbfd3dc6c7e6e84c49e33986927a305867359e7a416f1862c971e20dc6ea9fffeddb3607231b134dfcda0ac74718ff5c54",
            "directory_permission": "0777",
            "file_permission": "0777",
            "filename": "xyz.txt",
            "id": "2b0a5b7a2a8cbf06dda613566526c0ae3f82e641",
            "sensitive_content": null,
            "source": null
          },
          "sensitive_attributes": [
            [
              {
                "type": "get_attr",
                "value": "sensitive_content"
              }
            ]
          ],
          "identity_schema_version": 0
        }
      ]
    }
  ],
  "check_results": null
}
