{
  "version": 4,
  "terraform_version": "1.14.3",
  "serial": 20,
  "lineage": "2639c5c2-0e19-a9f2-78d5-7143ec3a1650",
  "outputs": {
    "result": {
      "value": 4,
      "type": "number"
    }
  },
  "resources": [
    {
      "mode": "managed",
      "type": "random_integer",
      "name": "sample",
      "provider": "provider[\"registry.terraform.io/hashicorp/random\"]",
      "instances": [
        {
          "schema_version": 0,
          "attributes": {
            "id": "4",
            "keepers": null,
            "max": 4,
            "min": 2,
            "result": 4,
            "seed": null
          },
          "sensitive_attributes": [],
          "identity_schema_version": 0
        }
      ]
    }
  ],
  "check_results": null
}
