{
  "version": 4,
  "terraform_version": "1.14.3",
  "serial": 10,
  "lineage": "31350fcd-4b61-049f-12d7-4ee8b26763a3",
  "outputs": {},
  "resources": [
    {
      "mode": "managed",
      "type": "local_file",
      "name": "f12",
      "provider": "provider[\"registry.terraform.io/hashicorp/local\"]",
      "instances": [
        {
          "schema_version": 0,
          "attributes": {
            "content": "this is the object complex datatype",
            "content_base64": null,
            "content_base64sha256": "bukGAB5RP6Kzj9YJyKGUfNsK9SVTCz/8lRBiJNzVlYM=",
            "content_base64sha512": "74zjuH1GOQNjAr3/ejapjiyPHVNhn0wERjd9VKMGH6hbB/oHg2Q7x4kX/1J48vIJmvWYUy5Dns3BGElVaQSeHA==",
            "content_md5": "dad4ebd23fc301003bafb7ea60f1f167",
            "content_sha1": "acb388bbd07dac05d9571700e203d99241591ee2",
            "content_sha256": "6ee906001e513fa2b38fd609c8a1947cdb0af525530b3ffc95106224dcd59583",
            "content_sha512": "ef8ce3b87d4639036302bdff7a36a98e2c8f1d53619f4c0446377d54a3061fa85b07fa0783643bc78917ff5278f2f2099af598532e439ecdc118495569049e1c",
            "directory_permission": "0777",
            "file_permission": "0777",
            "filename": "a1",
            "id": "acb388bbd07dac05d9571700e203d99241591ee2",
            "sensitive_content": null,
            "source": null
          },
          "sensitive_attributes": [
            [
              {
                "type": "get_attr",
                "value": "sensitive_content"
              }
            ]
          ],
          "identity_schema_version": 0
        }
      ]
    }
  ],
  "check_results": null
}
