{
  "version": 4,
  "terraform_version": "1.14.3",
  "serial": 5,
  "lineage": "74d38f97-8571-c5e4-75ab-0042baf00a0f",
  "outputs": {},
  "resources": [
    {
      "mode": "managed",
      "type": "local_file",
      "name": "f10",
      "provider": "provider[\"registry.terraform.io/hashicorp/local\"]",
      "instances": [
        {
          "schema_version": 0,
          "attributes": {
            "content": "common content",
            "content_base64": null,
            "content_base64sha256": "f6slwxuKsz46HuDdNFrQ21yKf02D7fRYUZ1iOAV9Fsk=",
            "content_base64sha512": "G7V1mcnTHRUUNiblVYeoLyuNJGl3vxvzOXmu8wU5LNdl4NO1Crh0OSCK7qVAwFqUeAMMs2OyePgw4e97vWDOmQ==",
            "content_md5": "8fc3a00dbbb37c5ea87bcf6e7d6625e6",
            "content_sha1": "8bdc5aad361031bfd281365e6f8136e937cedcc3",
            "content_sha256": "7fab25c31b8ab33e3a1ee0dd345ad0db5c8a7f4d83edf458519d6238057d16c9",
            "content_sha512": "1bb57599c9d31d15143626e55587a82f2b8d246977bf1bf33979aef305392cd765e0d3b50ab87439208aeea540c05a9478030cb363b278f830e1ef7bbd60ce99",
            "directory_permission": "0777",
            "file_permission": "0777",
            "filename": "adi",
            "id": "8bdc5aad361031bfd281365e6f8136e937cedcc3",
            "sensitive_content": null,
            "source": null
          },
          "sensitive_attributes": [
            [
              {
                "type": "get_attr",
                "value": "sensitive_content"
              }
            ]
          ],
          "identity_schema_version": 0
        }
      ]
    },
    {
      "mode": "managed",
      "type": "local_file",
      "name": "f8",
      "provider": "provider[\"registry.terraform.io/hashicorp/local\"]",
      "instances": [
        {
          "schema_version": 0,
          "attributes": {
            "content": "common content",
            "content_base64": null,
            "content_base64sha256": "f6slwxuKsz46HuDdNFrQ21yKf02D7fRYUZ1iOAV9Fsk=",
            "content_base64sha512": "G7V1mcnTHRUUNiblVYeoLyuNJGl3vxvzOXmu8wU5LNdl4NO1Crh0OSCK7qVAwFqUeAMMs2OyePgw4e97vWDOmQ==",
            "content_md5": "8fc3a00dbbb37c5ea87bcf6e7d6625e6",
            "content_sha1": "8bdc5aad361031bfd281365e6f8136e937cedcc3",
            "content_sha256": "7fab25c31b8ab33e3a1ee0dd345ad0db5c8a7f4d83edf458519d6238057d16c9",
            "content_sha512": "1bb57599c9d31d15143626e55587a82f2b8d246977bf1bf33979aef305392cd765e0d3b50ab87439208aeea540c05a9478030cb363b278f830e1ef7bbd60ce99",
            "directory_permission": "0777",
            "file_permission": "0777",
            "filename": "45612315",
            "id": "8bdc5aad361031bfd281365e6f8136e937cedcc3",
            "sensitive_content": null,
            "source": null
          },
          "sensitive_attributes": [
            [
              {
                "type": "get_attr",
                "value": "sensitive_content"
              }
            ]
          ],
          "identity_schema_version": 0
        }
      ]
    },
    {
      "mode": "managed",
      "type": "local_file",
      "name": "f9",
      "provider": "provider[\"registry.terraform.io/hashicorp/local\"]",
      "instances": [
        {
          "schema_version": 0,
          "attributes": {
            "content": "common content",
            "content_base64": null,
            "content_base64sha256": "f6slwxuKsz46HuDdNFrQ21yKf02D7fRYUZ1iOAV9Fsk=",
            "content_base64sha512": "G7V1mcnTHRUUNiblVYeoLyuNJGl3vxvzOXmu8wU5LNdl4NO1Crh0OSCK7qVAwFqUeAMMs2OyePgw4e97vWDOmQ==",
            "content_md5": "8fc3a00dbbb37c5ea87bcf6e7d6625e6",
            "content_sha1": "8bdc5aad361031bfd281365e6f8136e937cedcc3",
            "content_sha256": "7fab25c31b8ab33e3a1ee0dd345ad0db5c8a7f4d83edf458519d6238057d16c9",
            "content_sha512": "1bb57599c9d31d15143626e55587a82f2b8d246977bf1bf33979aef305392cd765e0d3b50ab87439208aeea540c05a9478030cb363b278f830e1ef7bbd60ce99",
            "directory_permission": "0777",
            "file_permission": "0777",
            "filename": "23564",
            "id": "8bdc5aad361031bfd281365e6f8136e937cedcc3",
            "sensitive_content": null,
            "source": null
          },
          "sensitive_attributes": [
            [
              {
                "type": "get_attr",
                "value": "sensitive_content"
              }
            ]
          ],
          "identity_schema_version": 0
        }
      ]
    }
  ],
  "check_results": null
}
