{
  "version": 4,
  "terraform_version": "1.14.3",
  "serial": 80,
  "lineage": "47e8042a-b271-4b5c-3eff-029ba61c3ae8",
  "outputs": {},
  "resources": [
    {
      "mode": "managed",
      "type": "local_file",
      "name": "f1",
      "provider": "provider[\"registry.terraform.io/hashicorp/local\"]",
      "instances": [
        {
          "schema_version": 0,
          "attributes": {
            "content": "0f7689264bc63373cb9727382a2241632bc1c3d4",
            "content_base64": null,
            "content_base64sha256": "DQWomYmS85ZYtP/pkmn/rzjAvaciPqj9zMfE4Ru/hk4=",
            "content_base64sha512": "WHfjmM5W8RovyEB/zLVgf+Wh45oPMNGw7DrK8lVdVbasgegwYS3j6kyN2Fpoh6hwcwgDn7jgiY/hIH+tG4Kdgg==",
            "content_md5": "4d7ffb37b197e91654f69b21e856c84b",
            "content_sha1": "f5110d7e8ed26650d9f1d38a4ff417c85c03c776",
            "content_sha256": "0d05a8998992f39658b4ffe99269ffaf38c0bda7223ea8fdccc7c4e11bbf864e",
            "content_sha512": "5877e398ce56f11a2fc8407fccb5607fe5a1e39a0f30d1b0ec3acaf2555d55b6ac81e830612de3ea4c8dd85a6887a8707308039fb8e0898fe1207fad1b829d82",
            "directory_permission": "0777",
            "file_permission": "0777",
            "filename": "inchara",
            "id": "f5110d7e8ed26650d9f1d38a4ff417c85c03c776",
            "sensitive_content": null,
            "source": null
          },
          "sensitive_attributes": [
            [
              {
                "type": "get_attr",
                "value": "sensitive_content"
              }
            ]
          ],
          "identity_schema_version": 0,
          "dependencies": [
            "local_file.f3"
          ],
          "create_before_destroy": true
        }
      ]
    },
    {
      "mode": "managed",
      "type": "local_file",
      "name": "f2",
      "provider": "provider[\"registry.terraform.io/hashicorp/local\"]",
      "instances": [
        {
          "schema_version": 0,
          "attributes": {
            "content": "f5110d7e8ed26650d9f1d38a4ff417c85c03c776",
            "content_base64": null,
            "content_base64sha256": "mGIoTJFdkT7s/5aHG5PGj00zoysq8e/XHtyXB+IYgu8=",
            "content_base64sha512": "53tqNMk81Y5T3DuBwCX3vRE9nandIAsHZ/+t/x94h8Po8yzmbHLs8p2Ig26ufbRS50NA2loAi23jVlqPH28J6A==",
            "content_md5": "4ed50647a81c81f436c06e5d8e0a8222",
            "content_sha1": "b0bfb1a706bf483570ae16e5287bd829c81f452c",
            "content_sha256": "9862284c915d913eecff96871b93c68f4d33a32b2af1efd71edc9707e21882ef",
            "content_sha512": "e77b6a34c93cd58e53dc3b81c025f7bd113d9da9dd200b0767ffadff1f7887c3e8f32ce66c72ecf29d88836eae7db452e74340da5a008b6de3565a8f1f6f09e8",
            "directory_permission": "0777",
            "file_permission": "0777",
            "filename": "surendra",
            "id": "b0bfb1a706bf483570ae16e5287bd829c81f452c",
            "sensitive_content": null,
            "source": null
          },
          "sensitive_attributes": [
            [
              {
                "type": "get_attr",
                "value": "sensitive_content"
              }
            ]
          ],
          "identity_schema_version": 0,
          "dependencies": [
            "local_file.f1",
            "local_file.f3"
          ],
          "create_before_destroy": true
        }
      ]
    },
    {
      "mode": "managed",
      "type": "local_file",
      "name": "f3",
      "provider": "provider[\"registry.terraform.io/hashicorp/local\"]",
      "instances": [
        {
          "schema_version": 0,
          "attributes": {
            "content": "Good morning",
            "content_base64": null,
            "content_base64sha256": "kKkKSOI9zFGtSoIaMB40QP/rXphr1p1780eiui2iO9M=",
            "content_base64sha512": "ihn9EZlMtdy3fx0YSxflQUf1O2SWdxpr6wm/G6epiDLQ+p743P8dZFvWZkFipHkzTxO6hYcxMa8BUu6byo7pgg==",
            "content_md5": "4e44298897ed12cdc10e5302fa781688",
            "content_sha1": "0f7689264bc63373cb9727382a2241632bc1c3d4",
            "content_sha256": "90a90a48e23dcc51ad4a821a301e3440ffeb5e986bd69d7bf347a2ba2da23bd3",
            "content_sha512": "8a19fd11994cb5dcb77f1d184b17e54147f53b6496771a6beb09bf1ba7a98832d0fa9ef8dcff1d645bd6664162a479334f13ba85873131af0152ee9bca8ee982",
            "directory_permission": "0777",
            "file_permission": "0777",
            "filename": "suraj",
            "id": "0f7689264bc63373cb9727382a2241632bc1c3d4",
            "sensitive_content": null,
            "source": null
          },
          "sensitive_attributes": [
            [
              {
                "type": "get_attr",
                "value": "sensitive_content"
              }
            ]
          ],
          "identity_schema_version": 0,
          "create_before_destroy": true
        }
      ]
    },
    {
      "mode": "managed",
      "type": "local_file",
      "name": "f4",
      "provider": "provider[\"registry.terraform.io/hashicorp/local\"]",
      "instances": [
        {
          "schema_version": 0,
          "attributes": {
            "content": "Good afternoon",
            "content_base64": null,
            "content_base64sha256": "0yXhu/0cVoHRZeO41wlGlJLBtO6KUIbaJMpW15ty03k=",
            "content_base64sha512": "iZNw+VCnJ29V4HY3EsT+xs4OgRRJ5z+owYVArzTc9SAmQCPujgP5oymM7jAOYKXNca+EIIz43HuAHu8eEugDSQ==",
            "content_md5": "b6e124621131d20640f582f097eb1d41",
            "content_sha1": "13fd0a3ec7c352d01eba2942e5d9134834589b71",
            "content_sha256": "d325e1bbfd1c5681d165e3b8d709469492c1b4ee8a5086da24ca56d79b72d379",
            "content_sha512": "899370f950a7276f55e0763712c4fec6ce0e811449e73fa8c18540af34dcf520264023ee8e03f9a3298cee300e60a5cd71af84208cf8dc7b801eef1e12e80349",
            "directory_permission": "0777",
            "file_permission": "0777",
            "filename": "Chidu",
            "id": "13fd0a3ec7c352d01eba2942e5d9134834589b71",
            "sensitive_content": null,
            "source": null
          },
          "sensitive_attributes": [
            [
              {
                "type": "get_attr",
                "value": "sensitive_content"
              }
            ]
          ],
          "identity_schema_version": 0,
          "dependencies": [
            "local_file.f1",
            "local_file.f2",
            "local_file.f3"
          ],
          "create_before_destroy": true
        }
      ]
    },
    {
      "mode": "managed",
      "type": "local_file",
      "name": "f5",
      "provider": "provider[\"registry.terraform.io/hashicorp/local\"]",
      "instances": [
        {
          "schema_version": 0,
          "attributes": {
            "content": "aaaaa",
            "content_base64": null,
            "content_base64sha256": "7ZaOhA0Q0tMTqHC8ExpOLDEdetCb3zKzQYFHIh9RpuI=",
            "content_base64sha512": "82iim3G9IBp+94td+IsTYfvoP5WXVtM3k4N6XXsur2YPL2x+L7rOAZZWg8TPr97T/yiqs04ymqebyB53A/aLhg==",
            "content_md5": "594f803b380a41396ed63dca39503542",
            "content_sha1": "df51e37c269aa94d38f93e537bf6e2020b21406c",
            "content_sha256": "ed968e840d10d2d313a870bc131a4e2c311d7ad09bdf32b3418147221f51a6e2",
            "content_sha512": "f368a29b71bd201a7ef78b5df88b1361fbe83f959756d33793837a5d7b2eaf660f2f6c7e2fbace01965683c4cfafded3ff28aab34e329aa79bc81e7703f68b86",
            "directory_permission": "0777",
            "file_permission": "0777",
            "filename": "abcdsdsdsdhs",
            "id": "df51e37c269aa94d38f93e537bf6e2020b21406c",
            "sensitive_content": null,
            "source": null
          },
          "sensitive_attributes": [
            [
              {
                "type": "get_attr",
                "value": "sensitive_content"
              }
            ]
          ],
          "identity_schema_version": 0
        }
      ]
    }
  ],
  "check_results": null
}
