{
  "version": 4,
  "terraform_version": "1.14.3",
  "serial": 37,
  "lineage": "7f4a3dd1-8fc4-2364-abd6-60c64b263612",
  "outputs": {
    "hex_value": {
      "value": "inlv662iMjfF8Klw1ezFtw==",
      "type": "string",
      "sensitive": true
    }
  },
  "resources": [
    {
      "mode": "managed",
      "type": "local_file",
      "name": "store",
      "provider": "provider[\"registry.terraform.io/hashicorp/local\"]",
      "instances": [
        {
          "schema_version": 0,
          "attributes": {
            "content": "inlv662iMjfF8Klw1ezFtw==",
            "content_base64": null,
            "content_base64sha256": "t0PsCw3InKrTG7L8MbDfwz4yKGnICVDzIqiWWrsrxDY=",
            "content_base64sha512": "wCD65/wrzvulkbEIdPAlwlTEVse6cLV6HRybp6yiqO2d1XK0EM4epfpGeQqqt8tJVf2vaGr4nSkDy2QnZnTrUQ==",
            "content_md5": "e27f1e7016e7a0a56fd1eb6e3d2f95b0",
            "content_sha1": "2c7b0f8161a3e7b5287bd23e2e7ae93c54579dba",
            "content_sha256": "b743ec0b0dc89caad31bb2fc31b0dfc33e322869c80950f322a8965abb2bc436",
            "content_sha512": "c020fae7fc2bcefba591b10874f025c254c456c7ba70b57a1d1c9ba7aca2a8ed9dd572b410ce1ea5fa46790aaab7cb4955fdaf686af89d2903cb64276674eb51",
            "directory_permission": "0777",
            "file_permission": "0777",
            "filename": "secret.txt",
            "id": "2c7b0f8161a3e7b5287bd23e2e7ae93c54579dba",
            "sensitive_content": null,
            "source": null
          },
          "sensitive_attributes": [
            [
              {
                "type": "get_attr",
                "value": "content"
              }
            ],
            [
              {
                "type": "get_attr",
                "value": "sensitive_content"
              }
            ]
          ],
          "identity_schema_version": 0,
          "dependencies": [
            "random_bytes.secret"
          ]
        }
      ]
    },
    {
      "mode": "managed",
      "type": "random_bytes",
      "name": "secret",
      "provider": "provider[\"registry.terraform.io/hashicorp/random\"]",
      "instances": [
        {
          "schema_version": 0,
          "attributes": {
            "base64": "inlv662iMjfF8Klw1ezFtw==",
            "hex": "8a796febada23237c5f0a970d5ecc5b7",
            "keepers": null,
            "length": 16
          },
          "sensitive_attributes": [
            [
              {
                "type": "get_attr",
                "value": "base64"
              }
            ],
            [
              {
                "type": "get_attr",
                "value": "hex"
              }
            ]
          ],
          "identity_schema_version": 0
        }
      ]
    }
  ],
  "check_results": null
}
